
Microsoft Visual Studio Solution File, Format Version 12.00
# Visual Studio 15
VisualStudioVersion = 15.0.26124.0
MinimumVisualStudioVersion = 15.0.26124.0
Project("{FAE04EC0-301F-11D3-BF4B-00C04F79EFBC}") = "assurance", "src/assurance/Assurance.csproj", "{D912222E-6441-4925-843F-52156D027EF5}"
EndProject
Project("{FAE04EC0-301F-11D3-BF4B-00C04F79EFBC}") = "assurance-tests", "tests/UnitTests/UnitTests.csproj", "{8D60AA24-54D9-4AC5-8E56-F6D28A167496}"
EndProject
Global
	GlobalSection(SolutionConfigurationPlatforms) = preSolution
		Debug|Any CPU = Debug|Any CPU
		Debug|x64 = Debug|x64
		Debug|x86 = Debug|x86
		Release|Any CPU = Release|Any CPU
		Release|x64 = Release|x64
		Release|x86 = Release|x86
	EndGlobalSection
	GlobalSection(SolutionProperties) = preSolution
		HideSolutionNode = FALSE
	EndGlobalSection
	GlobalSection(ProjectConfigurationPlatforms) = postSolution
		{D912222E-6441-4925-843F-52156D027EF5}.Debug|Any CPU.ActiveCfg = Debug|Any CPU
		{D912222E-6441-4925-843F-52156D027EF5}.Debug|Any CPU.Build.0 = Debug|Any CPU
		{D912222E-6441-4925-843F-52156D027EF5}.Debug|x64.ActiveCfg = Debug|Any CPU
		{D912222E-6441-4925-843F-52156D027EF5}.Debug|x64.Build.0 = Debug|Any CPU
		{D912222E-6441-4925-843F-52156D027EF5}.Debug|x86.ActiveCfg = Debug|Any CPU
		{D912222E-6441-4925-843F-52156D027EF5}.Debug|x86.Build.0 = Debug|Any CPU
		{D912222E-6441-4925-843F-52156D027EF5}.Release|Any CPU.ActiveCfg = Release|Any CPU
		{D912222E-6441-4925-843F-52156D027EF5}.Release|Any CPU.Build.0 = Release|Any CPU
		{D912222E-6441-4925-843F-52156D027EF5}.Release|x64.ActiveCfg = Release|Any CPU
		{D912222E-6441-4925-843F-52156D027EF5}.Release|x64.Build.0 = Release|Any CPU
		{D912222E-6441-4925-843F-52156D027EF5}.Release|x86.ActiveCfg = Release|Any CPU
		{D912222E-6441-4925-843F-52156D027EF5}.Release|x86.Build.0 = Release|Any CPU
		{8D60AA24-54D9-4AC5-8E56-F6D28A167496}.Debug|Any CPU.ActiveCfg = Debug|Any CPU
		{8D60AA24-54D9-4AC5-8E56-F6D28A167496}.Debug|Any CPU.Build.0 = Debug|Any CPU
		{8D60AA24-54D9-4AC5-8E56-F6D28A167496}.Debug|x64.ActiveCfg = Debug|Any CPU
		{8D60AA24-54D9-4AC5-8E56-F6D28A167496}.Debug|x64.Build.0 = Debug|Any CPU
		{8D60AA24-54D9-4AC5-8E56-F6D28A167496}.Debug|x86.ActiveCfg = Debug|Any CPU
		{8D60AA24-54D9-4AC5-8E56-F6D28A167496}.Debug|x86.Build.0 = Debug|Any CPU
		{8D60AA24-54D9-4AC5-8E56-F6D28A167496}.Release|Any CPU.ActiveCfg = Release|Any CPU
		{8D60AA24-54D9-4AC5-8E56-F6D28A167496}.Release|Any CPU.Build.0 = Release|Any CPU
		{8D60AA24-54D9-4AC5-8E56-F6D28A167496}.Release|x64.ActiveCfg = Release|Any CPU
		{8D60AA24-54D9-4AC5-8E56-F6D28A167496}.Release|x64.Build.0 = Release|Any CPU
		{8D60AA24-54D9-4AC5-8E56-F6D28A167496}.Release|x86.ActiveCfg = Release|Any CPU
		{8D60AA24-54D9-4AC5-8E56-F6D28A167496}.Release|x86.Build.0 = Release|Any CPU
	EndGlobalSection
EndGlobal
